
Microsoft Visual Studio Solution File, Format Version 12.00
# Visual Studio 15
VisualStudioVersion = 15.0.26730.16
MinimumVisualStudioVersion = 10.0.40219.1
Project("{FAE04EC0-301F-11D3-BF4B-00C04F79EFBC}") = "Radar", "Radar\Radar.csproj", "{BDF3291C-46E6-405C-B308-510B9D62E527}"
EndProject
Global
	GlobalSection(SolutionConfigurationPlatforms) = preSolution
		Debug|Any CPU = Debug|Any CPU
		Release|Any CPU = Release|Any CPU
	EndGlobalSection
	GlobalSection(ProjectConfigurationPlatforms) = postSolution
		{BDF3291C-46E6-405C-B308-510B9D62E527}.Debug|Any CPU.ActiveCfg = Debug|Any CPU
		{BDF3291C-46E6-405C-B308-510B9D62E527}.Debug|Any CPU.Build.0 = Debug|Any CPU
		{BDF3291C-46E6-405C-B308-510B9D62E527}.Release|Any CPU.ActiveCfg = Release|Any CPU
		{BDF3291C-46E6-405C-B308-510B9D62E527}.Release|Any CPU.Build.0 = Release|Any CPU
	EndGlobalSection
	GlobalSection(SolutionProperties) = preSolution
		HideSolutionNode = FALSE
	EndGlobalSection
	GlobalSection(ExtensibilityGlobals) = postSolution
		SolutionGuid = {B15F5E85-4317-4AE5-BD71-AFD55AD5319D}
	EndGlobalSection
EndGlobal
